
Microsoft Visual Studio Solution File, Format Version 12.00
# Visual Studio Version 18
VisualStudioVersion = 18.3.11426.168 d18.3
MinimumVisualStudioVersion = 10.0.40219.1
Project("{FAE04EC0-301F-11D3-BF4B-00C04F79EFBC}") = "blazorchat", "blazorchat.csproj", "{DC8A3631-565D-A220-F122-229482B922F3}"
EndProject
Global
	GlobalSection(SolutionConfigurationPlatforms) = preSolution
		Debug|Any CPU = Debug|Any CPU
		Release|Any CPU = Release|Any CPU
	EndGlobalSection
	GlobalSection(ProjectConfigurationPlatforms) = postSolution
		{DC8A3631-565D-A220-F122-229482B922F3}.Debug|Any CPU.ActiveCfg = Debug|Any CPU
		{DC8A3631-565D-A220-F122-229482B922F3}.Debug|Any CPU.Build.0 = Debug|Any CPU
		{DC8A3631-565D-A220-F122-229482B922F3}.Release|Any CPU.ActiveCfg = Release|Any CPU
		{DC8A3631-565D-A220-F122-229482B922F3}.Release|Any CPU.Build.0 = Release|Any CPU
	EndGlobalSection
	GlobalSection(SolutionProperties) = preSolution
		HideSolutionNode = FALSE
	EndGlobalSection
	GlobalSection(ExtensibilityGlobals) = postSolution
		SolutionGuid = {F3145FDF-7C05-4384-A929-6270C7051DD9}
	EndGlobalSection
EndGlobal
